
Microsoft Visual Studio Solution File, Format Version 12.00
# Visual Studio Version 17
VisualStudioVersion = 17.7.34221.43
MinimumVisualStudioVersion = 10.0.40219.1
Project("{FAE04EC0-301F-11D3-BF4B-00C04F79EFBC}") = "Inlämningsuppgift1", "Inlämningsuppgift1\Inlämningsuppgift1.csproj", "{7D7BFA35-9FF8-4B66-92F0-F5D2D7227F2C}"
EndProject
Global
	GlobalSection(SolutionConfigurationPlatforms) = preSolution
		Debug|Any CPU = Debug|Any CPU
		Release|Any CPU = Release|Any CPU
	EndGlobalSection
	GlobalSection(ProjectConfigurationPlatforms) = postSolution
		{7D7BFA35-9FF8-4B66-92F0-F5D2D7227F2C}.Debug|Any CPU.ActiveCfg = Debug|Any CPU
		{7D7BFA35-9FF8-4B66-92F0-F5D2D7227F2C}.Debug|Any CPU.Build.0 = Debug|Any CPU
		{7D7BFA35-9FF8-4B66-92F0-F5D2D7227F2C}.Release|Any CPU.ActiveCfg = Release|Any CPU
		{7D7BFA35-9FF8-4B66-92F0-F5D2D7227F2C}.Release|Any CPU.Build.0 = Release|Any CPU
	EndGlobalSection
	GlobalSection(SolutionProperties) = preSolution
		HideSolutionNode = FALSE
	EndGlobalSection
	GlobalSection(ExtensibilityGlobals) = postSolution
		SolutionGuid = {2DBA8272-0A5A-41AE-A3CA-FA26D9307EE3}
	EndGlobalSection
EndGlobal
